
Microsoft Visual Studio Solution File, Format Version 12.00
# Visual Studio 15
VisualStudioVersion = 15.0.26823.1
MinimumVisualStudioVersion = 10.0.40219.1
Project("{FAE04EC0-301F-11D3-BF4B-00C04F79EFBC}") = "ImageLable", "ImageLable\ImageLable.csproj", "{58C25D63-111F-4E53-B8D8-03708C468BD3}"
EndProject
Global
	GlobalSection(SolutionConfigurationPlatforms) = preSolution
		Debug|Any CPU = Debug|Any CPU
		Release|Any CPU = Release|Any CPU
	EndGlobalSection
	GlobalSection(ProjectConfigurationPlatforms) = postSolution
		{58C25D63-111F-4E53-B8D8-03708C468BD3}.Debug|Any CPU.ActiveCfg = Debug|Any CPU
		{58C25D63-111F-4E53-B8D8-03708C468BD3}.Debug|Any CPU.Build.0 = Debug|Any CPU
		{58C25D63-111F-4E53-B8D8-03708C468BD3}.Release|Any CPU.ActiveCfg = Release|Any CPU
		{58C25D63-111F-4E53-B8D8-03708C468BD3}.Release|Any CPU.Build.0 = Release|Any CPU
	EndGlobalSection
	GlobalSection(SolutionProperties) = preSolution
		HideSolutionNode = FALSE
	EndGlobalSection
	GlobalSection(ExtensibilityGlobals) = postSolution
		SolutionGuid = {50AEB179-27D3-459C-BF48-2799E428D70F}
	EndGlobalSection
EndGlobal
